lockfile_version: '1'
generated_at: '2026-08-19T15:49:28.770481+00:00'
apm_version: 0.13.0
dependencies:
- repo_url: MyCarrier-DevOps/apm_marketplace
  host: github.com
  resolved_commit: 5c3c076314b5a47c22c39735c3b1f87848684710
  virtual_path: packages/go-devkit
  is_virtual: true
  package_type: marketplace_plugin
  deployed_files:
  - .agents/skills/go-preflight
  - .agents/skills/go-repo-init
  - .agents/skills/go-tdd
  - .agents/skills/go-verify
  - .claude/skills/go-preflight
  - .claude/skills/go-repo-init
  - .claude/skills/go-tdd
  - .claude/skills/go-verify
  - .github/hooks/go-devkit-hooks.json
  - .github/hooks/go-devkit-hooks.json
  deployed_file_hashes:
    .github/hooks/go-devkit-hooks.json: sha256:114adb2f6406f2b74a26cafad016d8016becd6c152cd68c148a3361fdf43403f
  content_hash: sha256:8312d4534eb58d1c2eccbee3abc55216ab23ea8636dbf4bbf2aa4d20611776aa
